
Microsoft Visual Studio Solution File, Format Version 12.00
# Visual Studio Version 17
VisualStudioVersion = 17.0.31903.59
MinimumVisualStudioVersion = 10.0.40219.1
Project("{FAE04EC0-301F-11D3-BF4B-00C04F79EFBC}") = "Api", "Api\Api.csproj", "{F2403FF6-EDD3-4F8B-A7BA-0290A233BBA4}"
EndProject
Project("{FAE04EC0-301F-11D3-BF4B-00C04F79EFBC}") = "Core", "Core\Core.csproj", "{4ED96639-D496-4C29-9F5D-6330F2E6E3EB}"
EndProject
Project("{FAE04EC0-301F-11D3-BF4B-00C04F79EFBC}") = "Infrastructure", "Infrastructure\Infrastructure.csproj", "{F2D82B33-02A5-451F-94F4-AF26BA8056A3}"
EndProject
Project("{FAE04EC0-301F-11D3-BF4B-00C04F79EFBC}") = "Tests", "Tests\Tests.csproj", "{0821ECB1-FA6A-486C-90F6-037175EC549F}"
EndProject
Global
	GlobalSection(SolutionConfigurationPlatforms) = preSolution
		Debug|Any CPU = Debug|Any CPU
		Debug|x64 = Debug|x64
		Debug|x86 = Debug|x86
		Release|Any CPU = Release|Any CPU
		Release|x64 = Release|x64
		Release|x86 = Release|x86
	EndGlobalSection
	GlobalSection(ProjectConfigurationPlatforms) = postSolution
		{F2403FF6-EDD3-4F8B-A7BA-0290A233BBA4}.Debug|Any CPU.ActiveCfg = Debug|Any CPU
		{F2403FF6-EDD3-4F8B-A7BA-0290A233BBA4}.Debug|Any CPU.Build.0 = Debug|Any CPU
		{F2403FF6-EDD3-4F8B-A7BA-0290A233BBA4}.Debug|x64.ActiveCfg = Debug|Any CPU
		{F2403FF6-EDD3-4F8B-A7BA-0290A233BBA4}.Debug|x64.Build.0 = Debug|Any CPU
		{F2403FF6-EDD3-4F8B-A7BA-0290A233BBA4}.Debug|x86.ActiveCfg = Debug|Any CPU
		{F2403FF6-EDD3-4F8B-A7BA-0290A233BBA4}.Debug|x86.Build.0 = Debug|Any CPU
		{F2403FF6-EDD3-4F8B-A7BA-0290A233BBA4}.Release|Any CPU.ActiveCfg = Release|Any CPU
		{F2403FF6-EDD3-4F8B-A7BA-0290A233BBA4}.Release|Any CPU.Build.0 = Release|Any CPU
		{F2403FF6-EDD3-4F8B-A7BA-0290A233BBA4}.Release|x64.ActiveCfg = Release|Any CPU
		{F2403FF6-EDD3-4F8B-A7BA-0290A233BBA4}.Release|x64.Build.0 = Release|Any CPU
		{F2403FF6-EDD3-4F8B-A7BA-0290A233BBA4}.Release|x86.ActiveCfg = Release|Any CPU
		{F2403FF6-EDD3-4F8B-A7BA-0290A233BBA4}.Release|x86.Build.0 = Release|Any CPU
		{4ED96639-D496-4C29-9F5D-6330F2E6E3EB}.Debug|Any CPU.ActiveCfg = Debug|Any CPU
		{4ED96639-D496-4C29-9F5D-6330F2E6E3EB}.Debug|Any CPU.Build.0 = Debug|Any CPU
		{4ED96639-D496-4C29-9F5D-6330F2E6E3EB}.Debug|x64.ActiveCfg = Debug|Any CPU
		{4ED96639-D496-4C29-9F5D-6330F2E6E3EB}.Debug|x64.Build.0 = Debug|Any CPU
		{4ED96639-D496-4C29-9F5D-6330F2E6E3EB}.Debug|x86.ActiveCfg = Debug|Any CPU
		{4ED96639-D496-4C29-9F5D-6330F2E6E3EB}.Debug|x86.Build.0 = Debug|Any CPU
		{4ED96639-D496-4C29-9F5D-6330F2E6E3EB}.Release|Any CPU.ActiveCfg = Release|Any CPU
		{4ED96639-D496-4C29-9F5D-6330F2E6E3EB}.Release|Any CPU.Build.0 = Release|Any CPU
		{4ED96639-D496-4C29-9F5D-6330F2E6E3EB}.Release|x64.ActiveCfg = Release|Any CPU
		{4ED96639-D496-4C29-9F5D-6330F2E6E3EB}.Release|x64.Build.0 = Release|Any CPU
		{4ED96639-D496-4C29-9F5D-6330F2E6E3EB}.Release|x86.ActiveCfg = Release|Any CPU
		{4ED96639-D496-4C29-9F5D-6330F2E6E3EB}.Release|x86.Build.0 = Release|Any CPU
		{F2D82B33-02A5-451F-94F4-AF26BA8056A3}.Debug|Any CPU.ActiveCfg = Debug|Any CPU
		{F2D82B33-02A5-451F-94F4-AF26BA8056A3}.Debug|Any CPU.Build.0 = Debug|Any CPU
		{F2D82B33-02A5-451F-94F4-AF26BA8056A3}.Debug|x64.ActiveCfg = Debug|Any CPU
		{F2D82B33-02A5-451F-94F4-AF26BA8056A3}.Debug|x64.Build.0 = Debug|Any CPU
		{F2D82B33-02A5-451F-94F4-AF26BA8056A3}.Debug|x86.ActiveCfg = Debug|Any CPU
		{F2D82B33-02A5-451F-94F4-AF26BA8056A3}.Debug|x86.Build.0 = Debug|Any CPU
		{F2D82B33-02A5-451F-94F4-AF26BA8056A3}.Release|Any CPU.ActiveCfg = Release|Any CPU
		{F2D82B33-02A5-451F-94F4-AF26BA8056A3}.Release|Any CPU.Build.0 = Release|Any CPU
		{F2D82B33-02A5-451F-94F4-AF26BA8056A3}.Release|x64.ActiveCfg = Release|Any CPU
		{F2D82B33-02A5-451F-94F4-AF26BA8056A3}.Release|x64.Build.0 = Release|Any CPU
		{F2D82B33-02A5-451F-94F4-AF26BA8056A3}.Release|x86.ActiveCfg = Release|Any CPU
		{F2D82B33-02A5-451F-94F4-AF26BA8056A3}.Release|x86.Build.0 = Release|Any CPU
		{0821ECB1-FA6A-486C-90F6-037175EC549F}.Debug|Any CPU.ActiveCfg = Debug|Any CPU
		{0821ECB1-FA6A-486C-90F6-037175EC549F}.Debug|Any CPU.Build.0 = Debug|Any CPU
		{0821ECB1-FA6A-486C-90F6-037175EC549F}.Debug|x64.ActiveCfg = Debug|Any CPU
		{0821ECB1-FA6A-486C-90F6-037175EC549F}.Debug|x64.Build.0 = Debug|Any CPU
		{0821ECB1-FA6A-486C-90F6-037175EC549F}.Debug|x86.ActiveCfg = Debug|Any CPU
		{0821ECB1-FA6A-486C-90F6-037175EC549F}.Debug|x86.Build.0 = Debug|Any CPU
		{0821ECB1-FA6A-486C-90F6-037175EC549F}.Release|Any CPU.ActiveCfg = Release|Any CPU
		{0821ECB1-FA6A-486C-90F6-037175EC549F}.Release|Any CPU.Build.0 = Release|Any CPU
		{0821ECB1-FA6A-486C-90F6-037175EC549F}.Release|x64.ActiveCfg = Release|Any CPU
		{0821ECB1-FA6A-486C-90F6-037175EC549F}.Release|x64.Build.0 = Release|Any CPU
		{0821ECB1-FA6A-486C-90F6-037175EC549F}.Release|x86.ActiveCfg = Release|Any CPU
		{0821ECB1-FA6A-486C-90F6-037175EC549F}.Release|x86.Build.0 = Release|Any CPU
	EndGlobalSection
	GlobalSection(SolutionProperties) = preSolution
		HideSolutionNode = FALSE
	EndGlobalSection
EndGlobal
